// !$*UTF8*$!
{
	archiveVersion = 1;
	classes = {
	};
	objectVersion = 56;
	objects = {

/* Begin PBXBuildFile section */
		5294B79F2C825338008CD878 /* StaysApp.swift in Sources */ = {isa = PBXBuildFile; fileRef = 5294B79E2C825338008CD878 /* StaysApp.swift */; };
		5294B7A12C825338008CD878 /* ContentView.swift in Sources */ = {isa = PBXBuildFile; fileRef = 5294B7A02C825338008CD878 /* ContentView.swift */; };
		5294B7A32C825339008CD878 /* Assets.xcassets in Resources */ = {isa = PBXBuildFile; fileRef = 5294B7A22C825339008CD878 /* Assets.xcassets */; };
		5294B7A62C825339008CD878 /* Preview Assets.xcassets in Resources */ = {isa = PBXBuildFile; fileRef = 5294B7A52C825339008CD878 /* Preview Assets.xcassets */; };
		5294B7BB2C82549B008CD878 /* ListingItemView.swift in Sources */ = {isa = PBXBuildFile; fileRef = 5294B7BA2C82549B008CD878 /* ListingItemView.swift */; };
		5294B7BD2C8254CB008CD878 /* ExploreView.swift in Sources */ = {isa = PBXBuildFile; fileRef = 5294B7BC2C8254CB008CD878 /* ExploreView.swift */; };
		5294B7BF2C825513008CD878 /* SearchAndFilterBar.swift in Sources */ = {isa = PBXBuildFile; fileRef = 5294B7BE2C825513008CD878 /* SearchAndFilterBar.swift */; };
		5294B7C12C825622008CD878 /* ListingDetailView.swift in Sources */ = {isa = PBXBuildFile; fileRef = 5294B7C02C825622008CD878 /* ListingDetailView.swift */; };
		5294B7C42C8256AD008CD878 /* ListingImageCarouselView.swift in Sources */ = {isa = PBXBuildFile; fileRef = 5294B7C32C8256AD008CD878 /* ListingImageCarouselView.swift */; };
		5294B7C62C827A9F008CD878 /* DestinationSearchView.swift in Sources */ = {isa = PBXBuildFile; fileRef = 5294B7C52C827A9F008CD878 /* DestinationSearchView.swift */; };
		5294B7C82C82F682008CD878 /* PaymentMethodView.swift in Sources */ = {isa = PBXBuildFile; fileRef = 5294B7C72C82F682008CD878 /* PaymentMethodView.swift */; };
		5294B7CA2C8301E0008CD878 /* PaymentOptions.swift in Sources */ = {isa = PBXBuildFile; fileRef = 5294B7C92C8301E0008CD878 /* PaymentOptions.swift */; };
		5294B7D02C832440008CD878 /* CollapsedPickerView.swift in Sources */ = {isa = PBXBuildFile; fileRef = 5294B7CF2C832440008CD878 /* CollapsedPickerView.swift */; };
		5294B7D22C834449008CD878 /* ProfileView.swift in Sources */ = {isa = PBXBuildFile; fileRef = 5294B7D12C834449008CD878 /* ProfileView.swift */; };
		5294B7D42C834B4A008CD878 /* ProfileOptionsView.swift in Sources */ = {isa = PBXBuildFile; fileRef = 5294B7D32C834B4A008CD878 /* ProfileOptionsView.swift */; };
		5294B7D62C834FBF008CD878 /* WishlistView.swift in Sources */ = {isa = PBXBuildFile; fileRef = 5294B7D52C834FBF008CD878 /* WishlistView.swift */; };
		5294B7D82C835A9B008CD878 /* MainTabView.swift in Sources */ = {isa = PBXBuildFile; fileRef = 5294B7D72C835A9B008CD878 /* MainTabView.swift */; };
		5294B7DA2C8374CA008CD878 /* Listing.swift in Sources */ = {isa = PBXBuildFile; fileRef = 5294B7D92C8374CA008CD878 /* Listing.swift */; };
		5294B7DC2C837B76008CD878 /* DeveloperPreview.swift in Sources */ = {isa = PBXBuildFile; fileRef = 5294B7DB2C837B76008CD878 /* DeveloperPreview.swift */; };
		5294B7E22C8383ED008CD878 /* ExploreViewModel.swift in Sources */ = {isa = PBXBuildFile; fileRef = 5294B7E12C8383ED008CD878 /* ExploreViewModel.swift */; };
		5294B7E42C83849A008CD878 /* ExploreService.swift in Sources */ = {isa = PBXBuildFile; fileRef = 5294B7E32C83849A008CD878 /* ExploreService.swift */; };
		5294B7E62C839567008CD878 /* Regions.swift in Sources */ = {isa = PBXBuildFile; fileRef = 5294B7E52C839567008CD878 /* Regions.swift */; };
		5294B7E82C843A57008CD878 /* LoginView.swift in Sources */ = {isa = PBXBuildFile; fileRef = 5294B7E72C843A57008CD878 /* LoginView.swift */; };
/* End PBXBuildFile section */

/* Begin PBXFileReference section */
		5294B79B2C825338008CD878 /* Stays.app */ = {isa = PBXFileReference; explicitFileType = wrapper.application; includeInIndex = 0; path = Stays.app; sourceTree = BUILT_PRODUCTS_DIR; };
		5294B79E2C825338008CD878 /* StaysApp.swift */ = {isa = PBXFileReference; lastKnownFileType = sourcecode.swift; path = StaysApp.swift; sourceTree = "<group>"; };
		5294B7A02C825338008CD878 /* ContentView.swift */ = {isa = PBXFileReference; lastKnownFileType = sourcecode.swift; path = ContentView.swift; sourceTree = "<group>"; };
		5294B7A22C825339008CD878 /* Assets.xcassets */ = {isa = PBXFileReference; lastKnownFileType = folder.assetcatalog; path = Assets.xcassets; sourceTree = "<group>"; };
		5294B7A52C825339008CD878 /* Preview Assets.xcassets */ = {isa = PBXFileReference; lastKnownFileType = folder.assetcatalog; path = "Preview Assets.xcassets"; sourceTree = "<group>"; };
		5294B7BA2C82549B008CD878 /* ListingItemView.swift */ = {isa = PBXFileReference; lastKnownFileType = sourcecode.swift; path = ListingItemView.swift; sourceTree = "<group>"; };
		5294B7BC2C8254CB008CD878 /* ExploreView.swift */ = {isa = PBXFileReference; lastKnownFileType = sourcecode.swift; path = ExploreView.swift; sourceTree = "<group>"; };
		5294B7BE2C825513008CD878 /* SearchAndFilterBar.swift */ = {isa = PBXFileReference; lastKnownFileType = sourcecode.swift; path = SearchAndFilterBar.swift; sourceTree = "<group>"; };
		5294B7C02C825622008CD878 /* ListingDetailView.swift */ = {isa = PBXFileReference; lastKnownFileType = sourcecode.swift; path = ListingDetailView.swift; sourceTree = "<group>"; };
		5294B7C32C8256AD008CD878 /* ListingImageCarouselView.swift */ = {isa = PBXFileReference; lastKnownFileType = sourcecode.swift; path = ListingImageCarouselView.swift; sourceTree = "<group>"; };
		5294B7C52C827A9F008CD878 /* DestinationSearchView.swift */ = {isa = PBXFileReference; lastKnownFileType = sourcecode.swift; path = DestinationSearchView.swift; sourceTree = "<group>"; };
		5294B7C72C82F682008CD878 /* PaymentMethodView.swift */ = {isa = PBXFileReference; lastKnownFileType = sourcecode.swift; path = PaymentMethodView.swift; sourceTree = "<group>"; };
		5294B7C92C8301E0008CD878 /* PaymentOptions.swift */ = {isa = PBXFileReference; lastKnownFileType = sourcecode.swift; path = PaymentOptions.swift; sourceTree = "<group>"; };
		5294B7CF2C832440008CD878 /* CollapsedPickerView.swift */ = {isa = PBXFileReference; lastKnownFileType = sourcecode.swift; path = CollapsedPickerView.swift; sourceTree = "<group>"; };
		5294B7D12C834449008CD878 /* ProfileView.swift */ = {isa = PBXFileReference; lastKnownFileType = sourcecode.swift; path = ProfileView.swift; sourceTree = "<group>"; };
		5294B7D32C834B4A008CD878 /* ProfileOptionsView.swift */ = {isa = PBXFileReference; lastKnownFileType = sourcecode.swift; path = ProfileOptionsView.swift; sourceTree = "<group>"; };
		5294B7D52C834FBF008CD878 /* WishlistView.swift */ = {isa = PBXFileReference; lastKnownFileType = sourcecode.swift; path = WishlistView.swift; sourceTree = "<group>"; };
		5294B7D72C835A9B008CD878 /* MainTabView.swift */ = {isa = PBXFileReference; lastKnownFileType = sourcecode.swift; path = MainTabView.swift; sourceTree = "<group>"; };
		5294B7D92C8374CA008CD878 /* Listing.swift */ = {isa = PBXFileReference; lastKnownFileType = sourcecode.swift; path = Listing.swift; sourceTree = "<group>"; };
		5294B7DB2C837B76008CD878 /* DeveloperPreview.swift */ = {isa = PBXFileReference; lastKnownFileType = sourcecode.swift; path = DeveloperPreview.swift; sourceTree = "<group>"; };
		5294B7E12C8383ED008CD878 /* ExploreViewModel.swift */ = {isa = PBXFileReference; lastKnownFileType = sourcecode.swift; path = ExploreViewModel.swift; sourceTree = "<group>"; };
		5294B7E32C83849A008CD878 /* ExploreService.swift */ = {isa = PBXFileReference; lastKnownFileType = sourcecode.swift; path = ExploreService.swift; sourceTree = "<group>"; };
		5294B7E52C839567008CD878 /* Regions.swift */ = {isa = PBXFileReference; lastKnownFileType = sourcecode.swift; path = Regions.swift; sourceTree = "<group>"; };
		5294B7E72C843A57008CD878 /* LoginView.swift */ = {isa = PBXFileReference; lastKnownFileType = sourcecode.swift; path = LoginView.swift; sourceTree = "<group>"; };
/* End PBXFileReference section */

/* Begin PBXFrameworksBuildPhase section */
		5294B7982C825338008CD878 /* Frameworks */ = {
			isa = PBXFrameworksBuildPhase;
			buildActionMask = 2147483647;
			files = (
			);
			runOnlyForDeploymentPostprocessing = 0;
		};
/* End PBXFrameworksBuildPhase section */

/* Begin PBXGroup section */
		5294B7922C825338008CD878 = {
			isa = PBXGroup;
			children = (
				5294B79D2C825338008CD878 /* Stays */,
				5294B79C2C825338008CD878 /* Products */,
			);
			sourceTree = "<group>";
		};
		5294B79C2C825338008CD878 /* Products */ = {
			isa = PBXGroup;
			children = (
				5294B79B2C825338008CD878 /* Stays.app */,
			);
			name = Products;
			sourceTree = "<group>";
		};
		5294B79D2C825338008CD878 /* Stays */ = {
			isa = PBXGroup;
			children = (
				5294B7AE2C82537A008CD878 /* App */,
				5294B7AF2C825380008CD878 /* Core */,
				5294B7B22C82539E008CD878 /* Models */,
				5294B7B12C825398008CD878 /* Extensions */,
				5294B7A02C825338008CD878 /* ContentView.swift */,
				5294B7A22C825339008CD878 /* Assets.xcassets */,
				5294B7A42C825339008CD878 /* Preview Content */,
			);
			path = Stays;
			sourceTree = "<group>";
		};
		5294B7A42C825339008CD878 /* Preview Content */ = {
			isa = PBXGroup;
			children = (
				5294B7A52C825339008CD878 /* Preview Assets.xcassets */,
			);
			path = "Preview Content";
			sourceTree = "<group>";
		};
		5294B7AE2C82537A008CD878 /* App */ = {
			isa = PBXGroup;
			children = (
				5294B79E2C825338008CD878 /* StaysApp.swift */,
			);
			path = App;
			sourceTree = "<group>";
		};
		5294B7AF2C825380008CD878 /* Core */ = {
			isa = PBXGroup;
			children = (
				5294B7C22C825697008CD878 /* Components */,
				5294B7B92C82548D008CD878 /* Explore */,
				5294B7B82C82546C008CD878 /* Listings */,
				5294B7B72C825468008CD878 /* MapView */,
				5294B7B62C825464008CD878 /* Profile */,
				5294B7B42C825453008CD878 /* TabBar */,
				5294B7B32C825445008CD878 /* Wishlist */,
			);
			path = Core;
			sourceTree = "<group>";
		};
		5294B7B12C825398008CD878 /* Extensions */ = {
			isa = PBXGroup;
			children = (
				5294B7DB2C837B76008CD878 /* DeveloperPreview.swift */,
				5294B7E52C839567008CD878 /* Regions.swift */,
			);
			path = Extensions;
			sourceTree = "<group>";
		};
		5294B7B22C82539E008CD878 /* Models */ = {
			isa = PBXGroup;
			children = (
				5294B7D92C8374CA008CD878 /* Listing.swift */,
			);
			path = Models;
			sourceTree = "<group>";
		};
		5294B7B32C825445008CD878 /* Wishlist */ = {
			isa = PBXGroup;
			children = (
				5294B7D52C834FBF008CD878 /* WishlistView.swift */,
			);
			path = Wishlist;
			sourceTree = "<group>";
		};
		5294B7B42C825453008CD878 /* TabBar */ = {
			isa = PBXGroup;
			children = (
				5294B7D72C835A9B008CD878 /* MainTabView.swift */,
			);
			path = TabBar;
			sourceTree = "<group>";
		};
		5294B7B62C825464008CD878 /* Profile */ = {
			isa = PBXGroup;
			children = (
				5294B7D12C834449008CD878 /* ProfileView.swift */,
				5294B7E72C843A57008CD878 /* LoginView.swift */,
			);
			path = Profile;
			sourceTree = "<group>";
		};
		5294B7B72C825468008CD878 /* MapView */ = {
			isa = PBXGroup;
			children = (
			);
			path = MapView;
			sourceTree = "<group>";
		};
		5294B7B82C82546C008CD878 /* Listings */ = {
			isa = PBXGroup;
			children = (
				5294B7BA2C82549B008CD878 /* ListingItemView.swift */,
				5294B7C02C825622008CD878 /* ListingDetailView.swift */,
			);
			path = Listings;
			sourceTree = "<group>";
		};
		5294B7B92C82548D008CD878 /* Explore */ = {
			isa = PBXGroup;
			children = (
				5294B7E02C83839D008CD878 /* Service */,
				5294B7DF2C83839B008CD878 /* View */,
				5294B7DD2C83838C008CD878 /* ViewModel */,
			);
			path = Explore;
			sourceTree = "<group>";
		};
		5294B7C22C825697008CD878 /* Components */ = {
			isa = PBXGroup;
			children = (
				5294B7CF2C832440008CD878 /* CollapsedPickerView.swift */,
				5294B7C32C8256AD008CD878 /* ListingImageCarouselView.swift */,
				5294B7C92C8301E0008CD878 /* PaymentOptions.swift */,
				5294B7D32C834B4A008CD878 /* ProfileOptionsView.swift */,
			);
			path = Components;
			sourceTree = "<group>";
		};
		5294B7DD2C83838C008CD878 /* ViewModel */ = {
			isa = PBXGroup;
			children = (
				5294B7E12C8383ED008CD878 /* ExploreViewModel.swift */,
			);
			path = ViewModel;
			sourceTree = "<group>";
		};
		5294B7DF2C83839B008CD878 /* View */ = {
			isa = PBXGroup;
			children = (
				5294B7C52C827A9F008CD878 /* DestinationSearchView.swift */,
				5294B7BC2C8254CB008CD878 /* ExploreView.swift */,
				5294B7C72C82F682008CD878 /* PaymentMethodView.swift */,
				5294B7BE2C825513008CD878 /* SearchAndFilterBar.swift */,
			);
			path = View;
			sourceTree = "<group>";
		};
		5294B7E02C83839D008CD878 /* Service */ = {
			isa = PBXGroup;
			children = (
				5294B7E32C83849A008CD878 /* ExploreService.swift */,
			);
			path = Service;
			sourceTree = "<group>";
		};
/* End PBXGroup section */

/* Begin PBXNativeTarget section */
		5294B79A2C825338008CD878 /* Stays */ = {
			isa = PBXNativeTarget;
			buildConfigurationList = 5294B7A92C825339008CD878 /* Build configuration list for PBXNativeTarget "Stays" */;
			buildPhases = (
				5294B7972C825338008CD878 /* Sources */,
				5294B7982C825338008CD878 /* Frameworks */,
				5294B7992C825338008CD878 /* Resources */,
			);
			buildRules = (
			);
			dependencies = (
			);
			name = Stays;
			productName = Stays;
			productReference = 5294B79B2C825338008CD878 /* Stays.app */;
			productType = "com.apple.product-type.application";
		};
/* End PBXNativeTarget section */

/* Begin PBXProject section */
		5294B7932C825338008CD878 /* Project object */ = {
			isa = PBXProject;
			attributes = {
				BuildIndependentTargetsInParallel = 1;
				LastSwiftUpdateCheck = 1510;
				LastUpgradeCheck = 1510;
				TargetAttributes = {
					5294B79A2C825338008CD878 = {
						CreatedOnToolsVersion = 15.1;
					};
				};
			};
			buildConfigurationList = 5294B7962C825338008CD878 /* Build configuration list for PBXProject "Stays" */;
			compatibilityVersion = "Xcode 14.0";
			developmentRegion = en;
			hasScannedForEncodings = 0;
			knownRegions = (
				en,
				Base,
			);
			mainGroup = 5294B7922C825338008CD878;
			productRefGroup = 5294B79C2C825338008CD878 /* Products */;
			projectDirPath = "";
			projectRoot = "";
			targets = (
				5294B79A2C825338008CD878 /* Stays */,
			);
		};
/* End PBXProject section */

/* Begin PBXResourcesBuildPhase section */
		5294B7992C825338008CD878 /* Resources */ = {
			isa = PBXResourcesBuildPhase;
			buildActionMask = 2147483647;
			files = (
				5294B7A62C825339008CD878 /* Preview Assets.xcassets in Resources */,
				5294B7A32C825339008CD878 /* Assets.xcassets in Resources */,
			);
			runOnlyForDeploymentPostprocessing = 0;
		};
/* End PBXResourcesBuildPhase section */

/* Begin PBXSourcesBuildPhase section */
		5294B7972C825338008CD878 /* Sources */ = {
			isa = PBXSourcesBuildPhase;
			buildActionMask = 2147483647;
			files = (
				5294B7BF2C825513008CD878 /* SearchAndFilterBar.swift in Sources */,
				5294B7D62C834FBF008CD878 /* WishlistView.swift in Sources */,
				5294B7DA2C8374CA008CD878 /* Listing.swift in Sources */,
				5294B7C82C82F682008CD878 /* PaymentMethodView.swift in Sources */,
				5294B7E42C83849A008CD878 /* ExploreService.swift in Sources */,
				5294B7C62C827A9F008CD878 /* DestinationSearchView.swift in Sources */,
				5294B7A12C825338008CD878 /* ContentView.swift in Sources */,
				5294B7E62C839567008CD878 /* Regions.swift in Sources */,
				5294B7E22C8383ED008CD878 /* ExploreViewModel.swift in Sources */,
				5294B7DC2C837B76008CD878 /* DeveloperPreview.swift in Sources */,
				5294B7D22C834449008CD878 /* ProfileView.swift in Sources */,
				5294B7BB2C82549B008CD878 /* ListingItemView.swift in Sources */,
				5294B7D02C832440008CD878 /* CollapsedPickerView.swift in Sources */,
				5294B7CA2C8301E0008CD878 /* PaymentOptions.swift in Sources */,
				5294B7BD2C8254CB008CD878 /* ExploreView.swift in Sources */,
				5294B7E82C843A57008CD878 /* LoginView.swift in Sources */,
				5294B7D82C835A9B008CD878 /* MainTabView.swift in Sources */,
				5294B7C12C825622008CD878 /* ListingDetailView.swift in Sources */,
				5294B79F2C825338008CD878 /* StaysApp.swift in Sources */,
				5294B7D42C834B4A008CD878 /* ProfileOptionsView.swift in Sources */,
				5294B7C42C8256AD008CD878 /* ListingImageCarouselView.swift in Sources */,
			);
			runOnlyForDeploymentPostprocessing = 0;
		};
/* End PBXSourcesBuildPhase section */

/* Begin XCBuildConfiguration section */
		5294B7A72C825339008CD878 /* Debug */ = {
			isa = XCBuildConfiguration;
			buildSettings = {
				ALWAYS_SEARCH_USER_PATHS = NO;
				ASSETCATALOG_COMPILER_GENERATE_SWIFT_ASSET_SYMBOL_EXTENSIONS = YES;
				CLANG_ANALYZER_NONNULL = YES;
				CLANG_ANALYZER_NUMBER_OBJECT_CONVERSION = YES_AGGRESSIVE;
				CLANG_CXX_LANGUAGE_STANDARD = "gnu++20";
				CLANG_ENABLE_MODULES = YES;
				CLANG_ENABLE_OBJC_ARC = YES;
				CLANG_ENABLE_OBJC_WEAK = YES;
				CLANG_WARN_BLOCK_CAPTURE_AUTORELEASING = YES;
				CLANG_WARN_BOOL_CONVERSION = YES;
				CLANG_WARN_COMMA = YES;
				CLANG_WARN_CONSTANT_CONVERSION = YES;
				CLANG_WARN_DEPRECATED_OBJC_IMPLEMENTATIONS = YES;
				CLANG_WARN_DIRECT_OBJC_ISA_USAGE = YES_ERROR;
				CLANG_WARN_DOCUMENTATION_COMMENTS = YES;
				CLANG_WARN_EMPTY_BODY = YES;
				CLANG_WARN_ENUM_CONVERSION = YES;
				CLANG_WARN_INFINITE_RECURSION = YES;
				CLANG_WARN_INT_CONVERSION = YES;
				CLANG_WARN_NON_LITERAL_NULL_CONVERSION = YES;
				CLANG_WARN_OBJC_IMPLICIT_RETAIN_SELF = YES;
				CLANG_WARN_OBJC_LITERAL_CONVERSION = YES;
				CLANG_WARN_OBJC_ROOT_CLASS = YES_ERROR;
				CLANG_WARN_QUOTED_INCLUDE_IN_FRAMEWORK_HEADER = YES;
				CLANG_WARN_RANGE_LOOP_ANALYSIS = YES;
				CLANG_WARN_STRICT_PROTOTYPES = YES;
				CLANG_WARN_SUSPICIOUS_MOVE = YES;
				CLANG_WARN_UNGUARDED_AVAILABILITY = YES_AGGRESSIVE;
				CLANG_WARN_UNREACHABLE_CODE = YES;
				CLANG_WARN__DUPLICATE_METHOD_MATCH = YES;
				COPY_PHASE_STRIP = NO;
				DEBUG_INFORMATION_FORMAT = dwarf;
				ENABLE_STRICT_OBJC_MSGSEND = YES;
				ENABLE_TESTABILITY = YES;
				ENABLE_USER_SCRIPT_SANDBOXING = YES;
				GCC_C_LANGUAGE_STANDARD = gnu17;
				GCC_DYNAMIC_NO_PIC = NO;
				GCC_NO_COMMON_BLOCKS = YES;
				GCC_OPTIMIZATION_LEVEL = 0;
				GCC_PREPROCESSOR_DEFINITIONS = (
					"DEBUG=1",
					"$(inherited)",
				);
				GCC_WARN_64_TO_32_BIT_CONVERSION = YES;
				GCC_WARN_ABOUT_RETURN_TYPE = YES_ERROR;
				GCC_WARN_UNDECLARED_SELECTOR = YES;
				GCC_WARN_UNINITIALIZED_AUTOS = YES_AGGRESSIVE;
				GCC_WARN_UNUSED_FUNCTION = YES;
				GCC_WARN_UNUSED_VARIABLE = YES;
				IPHONEOS_DEPLOYMENT_TARGET = 17.2;
				LOCALIZATION_PREFERS_STRING_CATALOGS = YES;
				MTL_ENABLE_DEBUG_INFO = INCLUDE_SOURCE;
				MTL_FAST_MATH = YES;
				ONLY_ACTIVE_ARCH = YES;
				SDKROOT = iphoneos;
				SWIFT_ACTIVE_COMPILATION_CONDITIONS = "DEBUG $(inherited)";
				SWIFT_OPTIMIZATION_LEVEL = "-Onone";
			};
			name = Debug;
		};
		5294B7A82C825339008CD878 /* Release */ = {
			isa = XCBuildConfiguration;
			buildSettings = {
				ALWAYS_SEARCH_USER_PATHS = NO;
				ASSETCATALOG_COMPILER_GENERATE_SWIFT_ASSET_SYMBOL_EXTENSIONS = YES;
				CLANG_ANALYZER_NONNULL = YES;
				CLANG_ANALYZER_NUMBER_OBJECT_CONVERSION = YES_AGGRESSIVE;
				CLANG_CXX_LANGUAGE_STANDARD = "gnu++20";
				CLANG_ENABLE_MODULES = YES;
				CLANG_ENABLE_OBJC_ARC = YES;
				CLANG_ENABLE_OBJC_WEAK = YES;
				CLANG_WARN_BLOCK_CAPTURE_AUTORELEASING = YES;
				CLANG_WARN_BOOL_CONVERSION = YES;
				CLANG_WARN_COMMA = YES;
				CLANG_WARN_CONSTANT_CONVERSION = YES;
				CLANG_WARN_DEPRECATED_OBJC_IMPLEMENTATIONS = YES;
				CLANG_WARN_DIRECT_OBJC_ISA_USAGE = YES_ERROR;
				CLANG_WARN_DOCUMENTATION_COMMENTS = YES;
				CLANG_WARN_EMPTY_BODY = YES;
				CLANG_WARN_ENUM_CONVERSION = YES;
				CLANG_WARN_INFINITE_RECURSION = YES;
				CLANG_WARN_INT_CONVERSION = YES;
				CLANG_WARN_NON_LITERAL_NULL_CONVERSION = YES;
				CLANG_WARN_OBJC_IMPLICIT_RETAIN_SELF = YES;
				CLANG_WARN_OBJC_LITERAL_CONVERSION = YES;
				CLANG_WARN_OBJC_ROOT_CLASS = YES_ERROR;
				CLANG_WARN_QUOTED_INCLUDE_IN_FRAMEWORK_HEADER = YES;
				CLANG_WARN_RANGE_LOOP_ANALYSIS = YES;
				CLANG_WARN_STRICT_PROTOTYPES = YES;
				CLANG_WARN_SUSPICIOUS_MOVE = YES;
				CLANG_WARN_UNGUARDED_AVAILABILITY = YES_AGGRESSIVE;
				CLANG_WARN_UNREACHABLE_CODE = YES;
				CLANG_WARN__DUPLICATE_METHOD_MATCH = YES;
				COPY_PHASE_STRIP = NO;
				DEBUG_INFORMATION_FORMAT = "dwarf-with-dsym";
				ENABLE_NS_ASSERTIONS = NO;
				ENABLE_STRICT_OBJC_MSGSEND = YES;
				ENABLE_USER_SCRIPT_SANDBOXING = YES;
				GCC_C_LANGUAGE_STANDARD = gnu17;
				GCC_NO_COMMON_BLOCKS = YES;
				GCC_WARN_64_TO_32_BIT_CONVERSION = YES;
				GCC_WARN_ABOUT_RETURN_TYPE = YES_ERROR;
				GCC_WARN_UNDECLARED_SELECTOR = YES;
				GCC_WARN_UNINITIALIZED_AUTOS = YES_AGGRESSIVE;
				GCC_WARN_UNUSED_FUNCTION = YES;
				GCC_WARN_UNUSED_VARIABLE = YES;
				IPHONEOS_DEPLOYMENT_TARGET = 17.2;
				LOCALIZATION_PREFERS_STRING_CATALOGS = YES;
				MTL_ENABLE_DEBUG_INFO = NO;
				MTL_FAST_MATH = YES;
				SDKROOT = iphoneos;
				SWIFT_COMPILATION_MODE = wholemodule;
				VALIDATE_PRODUCT = YES;
			};
			name = Release;
		};
		5294B7AA2C825339008CD878 /* Debug */ = {
			isa = XCBuildConfiguration;
			buildSettings = {
				ASSETCATALOG_COMPILER_APPICON_NAME = AppIcon;
				ASSETCATALOG_COMPILER_GLOBAL_ACCENT_COLOR_NAME = AccentColor;
				CODE_SIGN_STYLE = Automatic;
				CURRENT_PROJECT_VERSION = 1;
				DEVELOPMENT_ASSET_PATHS = "\"Stays/Preview Content\"";
				DEVELOPMENT_TEAM = NG2SZ876U3;
				ENABLE_PREVIEWS = YES;
				GENERATE_INFOPLIST_FILE = YES;
				INFOPLIST_KEY_UIApplicationSceneManifest_Generation = YES;
				INFOPLIST_KEY_UIApplicationSupportsIndirectInputEvents = YES;
				INFOPLIST_KEY_UILaunchScreen_Generation = YES;
				INFOPLIST_KEY_UISupportedInterfaceOrientations_iPad = "UIInterfaceOrientationPortrait UIInterfaceOrientationPortraitUpsideDown UIInterfaceOrientationLandscapeLeft UIInterfaceOrientationLandscapeRight";
				INFOPLIST_KEY_UISupportedInterfaceOrientations_iPhone = "UIInterfaceOrientationPortrait UIInterfaceOrientationLandscapeLeft UIInterfaceOrientationLandscapeRight";
				LD_RUNPATH_SEARCH_PATHS = (
					"$(inherited)",
					"@executable_path/Frameworks",
				);
				MARKETING_VERSION = 1.0;
				PRODUCT_BUNDLE_IDENTIFIER = practice.Stays;
				PRODUCT_NAME = "$(TARGET_NAME)";
				SWIFT_EMIT_LOC_STRINGS = YES;
				SWIFT_VERSION = 5.0;
				TARGETED_DEVICE_FAMILY = "1,2";
			};
			name = Debug;
		};
		5294B7AB2C825339008CD878 /* Release */ = {
			isa = XCBuildConfiguration;
			buildSettings = {
				ASSETCATALOG_COMPILER_APPICON_NAME = AppIcon;
				ASSETCATALOG_COMPILER_GLOBAL_ACCENT_COLOR_NAME = AccentColor;
				CODE_SIGN_STYLE = Automatic;
				CURRENT_PROJECT_VERSION = 1;
				DEVELOPMENT_ASSET_PATHS = "\"Stays/Preview Content\"";
				DEVELOPMENT_TEAM = NG2SZ876U3;
				ENABLE_PREVIEWS = YES;
				GENERATE_INFOPLIST_FILE = YES;
				INFOPLIST_KEY_UIApplicationSceneManifest_Generation = YES;
				INFOPLIST_KEY_UIApplicationSupportsIndirectInputEvents = YES;
				INFOPLIST_KEY_UILaunchScreen_Generation = YES;
				INFOPLIST_KEY_UISupportedInterfaceOrientations_iPad = "UIInterfaceOrientationPortrait UIInterfaceOrientationPortraitUpsideDown UIInterfaceOrientationLandscapeLeft UIInterfaceOrientationLandscapeRight";
				INFOPLIST_KEY_UISupportedInterfaceOrientations_iPhone = "UIInterfaceOrientationPortrait UIInterfaceOrientationLandscapeLeft UIInterfaceOrientationLandscapeRight";
				LD_RUNPATH_SEARCH_PATHS = (
					"$(inherited)",
					"@executable_path/Frameworks",
				);
				MARKETING_VERSION = 1.0;
				PRODUCT_BUNDLE_IDENTIFIER = practice.Stays;
				PRODUCT_NAME = "$(TARGET_NAME)";
				SWIFT_EMIT_LOC_STRINGS = YES;
				SWIFT_VERSION = 5.0;
				TARGETED_DEVICE_FAMILY = "1,2";
			};
			name = Release;
		};
/* End XCBuildConfiguration section */

/* Begin XCConfigurationList section */
		5294B7962C825338008CD878 /* Build configuration list for PBXProject "Stays" */ = {
			isa = XCConfigurationList;
			buildConfigurations = (
				5294B7A72C825339008CD878 /* Debug */,
				5294B7A82C825339008CD878 /* Release */,
			);
			defaultConfigurationIsVisible = 0;
			defaultConfigurationName = Release;
		};
		5294B7A92C825339008CD878 /* Build configuration list for PBXNativeTarget "Stays" */ = {
			isa = XCConfigurationList;
			buildConfigurations = (
				5294B7AA2C825339008CD878 /* Debug */,
				5294B7AB2C825339008CD878 /* Release */,
			);
			defaultConfigurationIsVisible = 0;
			defaultConfigurationName = Release;
		};
/* End XCConfigurationList section */
	};
	rootObject = 5294B7932C825338008CD878 /* Project object */;
}
